
Microsoft Visual Studio Solution File, Format Version 12.00
# Visual Studio 15
VisualStudioVersion = 15.0.26730.10
MinimumVisualStudioVersion = 10.0.40219.1
Project("{8BC9CEB8-8B4A-11D0-8D11-00A0C91BC942}") = "Program07", "Program07\Program07.vcxproj", "{95B15C30-D5A3-4C76-9A21-3D7FF5B50C6F}"
EndProject
Global
	GlobalSection(SolutionConfigurationPlatforms) = preSolution
		Debug|x64 = Debug|x64
		Debug|x86 = Debug|x86
		Release|x64 = Release|x64
		Release|x86 = Release|x86
	EndGlobalSection
	GlobalSection(ProjectConfigurationPlatforms) = postSolution
		{95B15C30-D5A3-4C76-9A21-3D7FF5B50C6F}.Debug|x64.ActiveCfg = Debug|x64
		{95B15C30-D5A3-4C76-9A21-3D7FF5B50C6F}.Debug|x64.Build.0 = Debug|x64
		{95B15C30-D5A3-4C76-9A21-3D7FF5B50C6F}.Debug|x86.ActiveCfg = Debug|Win32
		{95B15C30-D5A3-4C76-9A21-3D7FF5B50C6F}.Debug|x86.Build.0 = Debug|Win32
		{95B15C30-D5A3-4C76-9A21-3D7FF5B50C6F}.Release|x64.ActiveCfg = Release|x64
		{95B15C30-D5A3-4C76-9A21-3D7FF5B50C6F}.Release|x64.Build.0 = Release|x64
		{95B15C30-D5A3-4C76-9A21-3D7FF5B50C6F}.Release|x86.ActiveCfg = Release|Win32
		{95B15C30-D5A3-4C76-9A21-3D7FF5B50C6F}.Release|x86.Build.0 = Release|Win32
	EndGlobalSection
	GlobalSection(SolutionProperties) = preSolution
		HideSolutionNode = FALSE
	EndGlobalSection
	GlobalSection(ExtensibilityGlobals) = postSolution
		SolutionGuid = {C28B7DF5-4CA1-471F-A720-86B224D168F3}
	EndGlobalSection
EndGlobal
